// !$*UTF8*$!
{
	archiveVersion = 1;
	classes = {
	};
	objectVersion = 56;
	objects = {

/* Begin PBXBuildFile section */
		12B2B8492AB94F4800C0DC7B /* UIColorsExtension.swift in Sources */ = {isa = PBXBuildFile; fileRef = 12B2B8482AB94F4800C0DC7B /* UIColorsExtension.swift */; };
		12C79A602AB86CFC006CB965 /* AppDelegate.swift in Sources */ = {isa = PBXBuildFile; fileRef = 12C79A5F2AB86CFC006CB965 /* AppDelegate.swift */; };
		12C79A622AB86CFC006CB965 /* SceneDelegate.swift in Sources */ = {isa = PBXBuildFile; fileRef = 12C79A612AB86CFC006CB965 /* SceneDelegate.swift */; };
		12C79A672AB86CFC006CB965 /* Main.storyboard in Resources */ = {isa = PBXBuildFile; fileRef = 12C79A652AB86CFC006CB965 /* Main.storyboard */; };
		12C79A692AB86CFD006CB965 /* Assets.xcassets in Resources */ = {isa = PBXBuildFile; fileRef = 12C79A682AB86CFD006CB965 /* Assets.xcassets */; };
		12C79A772AB86CFD006CB965 /* RandomColorsTests.swift in Sources */ = {isa = PBXBuildFile; fileRef = 12C79A762AB86CFD006CB965 /* RandomColorsTests.swift */; };
		12C79A812AB86CFD006CB965 /* RandomColorsUITests.swift in Sources */ = {isa = PBXBuildFile; fileRef = 12C79A802AB86CFD006CB965 /* RandomColorsUITests.swift */; };
		12C79A832AB86CFD006CB965 /* RandomColorsUITestsLaunchTests.swift in Sources */ = {isa = PBXBuildFile; fileRef = 12C79A822AB86CFD006CB965 /* RandomColorsUITestsLaunchTests.swift */; };
		12C79A902AB86E34006CB965 /* LaunchScreen.storyboard in Resources */ = {isa = PBXBuildFile; fileRef = 12C79A8F2AB86E34006CB965 /* LaunchScreen.storyboard */; };
		12C79A942AB86EED006CB965 /* ColorsTableViewController.swift in Sources */ = {isa = PBXBuildFile; fileRef = 12C79A932AB86EED006CB965 /* ColorsTableViewController.swift */; };
		12C79A962AB8722B006CB965 /* ColorDetailViewController.swift in Sources */ = {isa = PBXBuildFile; fileRef = 12C79A952AB8722B006CB965 /* ColorDetailViewController.swift */; };
/* End PBXBuildFile section */

/* Begin PBXContainerItemProxy section */
		12C79A732AB86CFD006CB965 /* PBXContainerItemProxy */ = {
			isa = PBXContainerItemProxy;
			containerPortal = 12C79A542AB86CFC006CB965 /* Project object */;
			proxyType = 1;
			remoteGlobalIDString = 12C79A5B2AB86CFC006CB965;
			remoteInfo = RandomColors;
		};
		12C79A7D2AB86CFD006CB965 /* PBXContainerItemProxy */ = {
			isa = PBXContainerItemProxy;
			containerPortal = 12C79A542AB86CFC006CB965 /* Project object */;
			proxyType = 1;
			remoteGlobalIDString = 12C79A5B2AB86CFC006CB965;
			remoteInfo = RandomColors;
		};
/* End PBXContainerItemProxy section */

/* Begin PBXFileReference section */
		12B2B8482AB94F4800C0DC7B /* UIColorsExtension.swift */ = {isa = PBXFileReference; lastKnownFileType = sourcecode.swift; path = UIColorsExtension.swift; sourceTree = "<group>"; };
		12C79A5C2AB86CFC006CB965 /* RandomColors.app */ = {isa = PBXFileReference; explicitFileType = wrapper.application; includeInIndex = 0; path = RandomColors.app; sourceTree = BUILT_PRODUCTS_DIR; };
		12C79A5F2AB86CFC006CB965 /* AppDelegate.swift */ = {isa = PBXFileReference; lastKnownFileType = sourcecode.swift; path = AppDelegate.swift; sourceTree = "<group>"; };
		12C79A612AB86CFC006CB965 /* SceneDelegate.swift */ = {isa = PBXFileReference; lastKnownFileType = sourcecode.swift; path = SceneDelegate.swift; sourceTree = "<group>"; };
		12C79A662AB86CFC006CB965 /* Base */ = {isa = PBXFileReference; lastKnownFileType = file.storyboard; name = Base; path = Base.lproj/Main.storyboard; sourceTree = "<group>"; };
		12C79A682AB86CFD006CB965 /* Assets.xcassets */ = {isa = PBXFileReference; lastKnownFileType = folder.assetcatalog; path = Assets.xcassets; sourceTree = "<group>"; };
		12C79A6D2AB86CFD006CB965 /* Info.plist */ = {isa = PBXFileReference; lastKnownFileType = text.plist.xml; path = Info.plist; sourceTree = "<group>"; };
		12C79A722AB86CFD006CB965 /* RandomColorsTests.xctest */ = {isa = PBXFileReference; explicitFileType = wrapper.cfbundle; includeInIndex = 0; path = RandomColorsTests.xctest; sourceTree = BUILT_PRODUCTS_DIR; };
		12C79A762AB86CFD006CB965 /* RandomColorsTests.swift */ = {isa = PBXFileReference; lastKnownFileType = sourcecode.swift; path = RandomColorsTests.swift; sourceTree = "<group>"; };
		12C79A7C2AB86CFD006CB965 /* RandomColorsUITests.xctest */ = {isa = PBXFileReference; explicitFileType = wrapper.cfbundle; includeInIndex = 0; path = RandomColorsUITests.xctest; sourceTree = BUILT_PRODUCTS_DIR; };
		12C79A802AB86CFD006CB965 /* RandomColorsUITests.swift */ = {isa = PBXFileReference; lastKnownFileType = sourcecode.swift; path = RandomColorsUITests.swift; sourceTree = "<group>"; };
		12C79A822AB86CFD006CB965 /* RandomColorsUITestsLaunchTests.swift */ = {isa = PBXFileReference; lastKnownFileType = sourcecode.swift; path = RandomColorsUITestsLaunchTests.swift; sourceTree = "<group>"; };
		12C79A8F2AB86E34006CB965 /* LaunchScreen.storyboard */ = {isa = PBXFileReference; lastKnownFileType = file.storyboard; path = LaunchScreen.storyboard; sourceTree = "<group>"; };
		12C79A932AB86EED006CB965 /* ColorsTableViewController.swift */ = {isa = PBXFileReference; lastKnownFileType = sourcecode.swift; path = ColorsTableViewController.swift; sourceTree = "<group>"; };
		12C79A952AB8722B006CB965 /* ColorDetailViewController.swift */ = {isa = PBXFileReference; lastKnownFileType = sourcecode.swift; path = ColorDetailViewController.swift; sourceTree = "<group>"; };
/* End PBXFileReference section */

/* Begin PBXFrameworksBuildPhase section */
		12C79A592AB86CFC006CB965 /* Frameworks */ = {
			isa = PBXFrameworksBuildPhase;
			buildActionMask = 2147483647;
			files = (
			);
			runOnlyForDeploymentPostprocessing = 0;
		};
		12C79A6F2AB86CFD006CB965 /* Frameworks */ = {
			isa = PBXFrameworksBuildPhase;
			buildActionMask = 2147483647;
			files = (
			);
			runOnlyForDeploymentPostprocessing = 0;
		};
		12C79A792AB86CFD006CB965 /* Frameworks */ = {
			isa = PBXFrameworksBuildPhase;
			buildActionMask = 2147483647;
			files = (
			);
			runOnlyForDeploymentPostprocessing = 0;
		};
/* End PBXFrameworksBuildPhase section */

/* Begin PBXGroup section */
		12C79A532AB86CFC006CB965 = {
			isa = PBXGroup;
			children = (
				12C79A5E2AB86CFC006CB965 /* RandomColors */,
				12C79A752AB86CFD006CB965 /* RandomColorsTests */,
				12C79A7F2AB86CFD006CB965 /* RandomColorsUITests */,
				12C79A5D2AB86CFC006CB965 /* Products */,
			);
			sourceTree = "<group>";
		};
		12C79A5D2AB86CFC006CB965 /* Products */ = {
			isa = PBXGroup;
			children = (
				12C79A5C2AB86CFC006CB965 /* RandomColors.app */,
				12C79A722AB86CFD006CB965 /* RandomColorsTests.xctest */,
				12C79A7C2AB86CFD006CB965 /* RandomColorsUITests.xctest */,
			);
			name = Products;
			sourceTree = "<group>";
		};
		12C79A5E2AB86CFC006CB965 /* RandomColors */ = {
			isa = PBXGroup;
			children = (
				12C79A5F2AB86CFC006CB965 /* AppDelegate.swift */,
				12C79A612AB86CFC006CB965 /* SceneDelegate.swift */,
				12C79A652AB86CFC006CB965 /* Main.storyboard */,
				12C79A952AB8722B006CB965 /* ColorDetailViewController.swift */,
				12C79A932AB86EED006CB965 /* ColorsTableViewController.swift */,
				12B2B8482AB94F4800C0DC7B /* UIColorsExtension.swift */,
				12C79A8F2AB86E34006CB965 /* LaunchScreen.storyboard */,
				12C79A682AB86CFD006CB965 /* Assets.xcassets */,
				12C79A6D2AB86CFD006CB965 /* Info.plist */,
			);
			path = RandomColors;
			sourceTree = "<group>";
		};
		12C79A752AB86CFD006CB965 /* RandomColorsTests */ = {
			isa = PBXGroup;
			children = (
				12C79A762AB86CFD006CB965 /* RandomColorsTests.swift */,
			);
			path = RandomColorsTests;
			sourceTree = "<group>";
		};
		12C79A7F2AB86CFD006CB965 /* RandomColorsUITests */ = {
			isa = PBXGroup;
			children = (
				12C79A802AB86CFD006CB965 /* RandomColorsUITests.swift */,
				12C79A822AB86CFD006CB965 /* RandomColorsUITestsLaunchTests.swift */,
			);
			path = RandomColorsUITests;
			sourceTree = "<group>";
		};
/* End PBXGroup section */

/* Begin PBXNativeTarget section */
		12C79A5B2AB86CFC006CB965 /* RandomColors */ = {
			isa = PBXNativeTarget;
			buildConfigurationList = 12C79A862AB86CFD006CB965 /* Build configuration list for PBXNativeTarget "RandomColors" */;
			buildPhases = (
				12C79A582AB86CFC006CB965 /* Sources */,
				12C79A592AB86CFC006CB965 /* Frameworks */,
				12C79A5A2AB86CFC006CB965 /* Resources */,
			);
			buildRules = (
			);
			dependencies = (
			);
			name = RandomColors;
			productName = RandomColors;
			productReference = 12C79A5C2AB86CFC006CB965 /* RandomColors.app */;
			productType = "com.apple.product-type.application";
		};
		12C79A712AB86CFD006CB965 /* RandomColorsTests */ = {
			isa = PBXNativeTarget;
			buildConfigurationList = 12C79A892AB86CFD006CB965 /* Build configuration list for PBXNativeTarget "RandomColorsTests" */;
			buildPhases = (
				12C79A6E2AB86CFD006CB965 /* Sources */,
				12C79A6F2AB86CFD006CB965 /* Frameworks */,
				12C79A702AB86CFD006CB965 /* Resources */,
			);
			buildRules = (
			);
			dependencies = (
				12C79A742AB86CFD006CB965 /* PBXTargetDependency */,
			);
			name = RandomColorsTests;
			productName = RandomColorsTests;
			productReference = 12C79A722AB86CFD006CB965 /* RandomColorsTests.xctest */;
			productType = "com.apple.product-type.bundle.unit-test";
		};
		12C79A7B2AB86CFD006CB965 /* RandomColorsUITests */ = {
			isa = PBXNativeTarget;
			buildConfigurationList = 12C79A8C2AB86CFD006CB965 /* Build configuration list for PBXNativeTarget "RandomColorsUITests" */;
			buildPhases = (
				12C79A782AB86CFD006CB965 /* Sources */,
				12C79A792AB86CFD006CB965 /* Frameworks */,
				12C79A7A2AB86CFD006CB965 /* Resources */,
			);
			buildRules = (
			);
			dependencies = (
				12C79A7E2AB86CFD006CB965 /* PBXTargetDependency */,
			);
			name = RandomColorsUITests;
			productName = RandomColorsUITests;
			productReference = 12C79A7C2AB86CFD006CB965 /* RandomColorsUITests.xctest */;
			productType = "com.apple.product-type.bundle.ui-testing";
		};
/* End PBXNativeTarget section */

/* Begin PBXProject section */
		12C79A542AB86CFC006CB965 /* Project object */ = {
			isa = PBXProject;
			attributes = {
				BuildIndependentTargetsInParallel = 1;
				LastSwiftUpdateCheck = 1430;
				LastUpgradeCheck = 1430;
				TargetAttributes = {
					12C79A5B2AB86CFC006CB965 = {
						CreatedOnToolsVersion = 14.3.1;
					};
					12C79A712AB86CFD006CB965 = {
						CreatedOnToolsVersion = 14.3.1;
						TestTargetID = 12C79A5B2AB86CFC006CB965;
					};
					12C79A7B2AB86CFD006CB965 = {
						CreatedOnToolsVersion = 14.3.1;
						TestTargetID = 12C79A5B2AB86CFC006CB965;
					};
				};
			};
			buildConfigurationList = 12C79A572AB86CFC006CB965 /* Build configuration list for PBXProject "RandomColors" */;
			compatibilityVersion = "Xcode 14.0";
			developmentRegion = en;
			hasScannedForEncodings = 0;
			knownRegions = (
				en,
				Base,
			);
			mainGroup = 12C79A532AB86CFC006CB965;
			productRefGroup = 12C79A5D2AB86CFC006CB965 /* Products */;
			projectDirPath = "";
			projectRoot = "";
			targets = (
				12C79A5B2AB86CFC006CB965 /* RandomColors */,
				12C79A712AB86CFD006CB965 /* RandomColorsTests */,
				12C79A7B2AB86CFD006CB965 /* RandomColorsUITests */,
			);
		};
/* End PBXProject section */

/* Begin PBXResourcesBuildPhase section */
		12C79A5A2AB86CFC006CB965 /* Resources */ = {
			isa = PBXResourcesBuildPhase;
			buildActionMask = 2147483647;
			files = (
				12C79A902AB86E34006CB965 /* LaunchScreen.storyboard in Resources */,
				12C79A692AB86CFD006CB965 /* Assets.xcassets in Resources */,
				12C79A672AB86CFC006CB965 /* Main.storyboard in Resources */,
			);
			runOnlyForDeploymentPostprocessing = 0;
		};
		12C79A702AB86CFD006CB965 /* Resources */ = {
			isa = PBXResourcesBuildPhase;
			buildActionMask = 2147483647;
			files = (
			);
			runOnlyForDeploymentPostprocessing = 0;
		};
		12C79A7A2AB86CFD006CB965 /* Resources */ = {
			isa = PBXResourcesBuildPhase;
			buildActionMask = 2147483647;
			files = (
			);
			runOnlyForDeploymentPostprocessing = 0;
		};
/* End PBXResourcesBuildPhase section */

/* Begin PBXSourcesBuildPhase section */
		12C79A582AB86CFC006CB965 /* Sources */ = {
			isa = PBXSourcesBuildPhase;
			buildActionMask = 2147483647;
			files = (
				12B2B8492AB94F4800C0DC7B /* UIColorsExtension.swift in Sources */,
				12C79A602AB86CFC006CB965 /* AppDelegate.swift in Sources */,
				12C79A622AB86CFC006CB965 /* SceneDelegate.swift in Sources */,
				12C79A942AB86EED006CB965 /* ColorsTableViewController.swift in Sources */,
				12C79A962AB8722B006CB965 /* ColorDetailViewController.swift in Sources */,
			);
			runOnlyForDeploymentPostprocessing = 0;
		};
		12C79A6E2AB86CFD006CB965 /* Sources */ = {
			isa = PBXSourcesBuildPhase;
			buildActionMask = 2147483647;
			files = (
				12C79A772AB86CFD006CB965 /* RandomColorsTests.swift in Sources */,
			);
			runOnlyForDeploymentPostprocessing = 0;
		};
		12C79A782AB86CFD006CB965 /* Sources */ = {
			isa = PBXSourcesBuildPhase;
			buildActionMask = 2147483647;
			files = (
				12C79A812AB86CFD006CB965 /* RandomColorsUITests.swift in Sources */,
				12C79A832AB86CFD006CB965 /* RandomColorsUITestsLaunchTests.swift in Sources */,
			);
			runOnlyForDeploymentPostprocessing = 0;
		};
/* End PBXSourcesBuildPhase section */

/* Begin PBXTargetDependency section */
		12C79A742AB86CFD006CB965 /* PBXTargetDependency */ = {
			isa = PBXTargetDependency;
			target = 12C79A5B2AB86CFC006CB965 /* RandomColors */;
			targetProxy = 12C79A732AB86CFD006CB965 /* PBXContainerItemProxy */;
		};
		12C79A7E2AB86CFD006CB965 /* PBXTargetDependency */ = {
			isa = PBXTargetDependency;
			target = 12C79A5B2AB86CFC006CB965 /* RandomColors */;
			targetProxy = 12C79A7D2AB86CFD006CB965 /* PBXContainerItemProxy */;
		};
/* End PBXTargetDependency section */

/* Begin PBXVariantGroup section */
		12C79A652AB86CFC006CB965 /* Main.storyboard */ = {
			isa = PBXVariantGroup;
			children = (
				12C79A662AB86CFC006CB965 /* Base */,
			);
			name = Main.storyboard;
			sourceTree = "<group>";
		};
/* End PBXVariantGroup section */

/* Begin XCBuildConfiguration section */
		12C79A842AB86CFD006CB965 /* Debug */ = {
			isa = XCBuildConfiguration;
			buildSettings = {
				ALWAYS_SEARCH_USER_PATHS = NO;
				CLANG_ANALYZER_NONNULL = YES;
				CLANG_ANALYZER_NUMBER_OBJECT_CONVERSION = YES_AGGRESSIVE;
				CLANG_CXX_LANGUAGE_STANDARD = "gnu++20";
				CLANG_ENABLE_MODULES = YES;
				CLANG_ENABLE_OBJC_ARC = YES;
				CLANG_ENABLE_OBJC_WEAK = YES;
				CLANG_WARN_BLOCK_CAPTURE_AUTORELEASING = YES;
				CLANG_WARN_BOOL_CONVERSION = YES;
				CLANG_WARN_COMMA = YES;
				CLANG_WARN_CONSTANT_CONVERSION = YES;
				CLANG_WARN_DEPRECATED_OBJC_IMPLEMENTATIONS = YES;
				CLANG_WARN_DIRECT_OBJC_ISA_USAGE = YES_ERROR;
				CLANG_WARN_DOCUMENTATION_COMMENTS = YES;
				CLANG_WARN_EMPTY_BODY = YES;
				CLANG_WARN_ENUM_CONVERSION = YES;
				CLANG_WARN_INFINITE_RECURSION = YES;
				CLANG_WARN_INT_CONVERSION = YES;
				CLANG_WARN_NON_LITERAL_NULL_CONVERSION = YES;
				CLANG_WARN_OBJC_IMPLICIT_RETAIN_SELF = YES;
				CLANG_WARN_OBJC_LITERAL_CONVERSION = YES;
				CLANG_WARN_OBJC_ROOT_CLASS = YES_ERROR;
				CLANG_WARN_QUOTED_INCLUDE_IN_FRAMEWORK_HEADER = YES;
				CLANG_WARN_RANGE_LOOP_ANALYSIS = YES;
				CLANG_WARN_STRICT_PROTOTYPES = YES;
				CLANG_WARN_SUSPICIOUS_MOVE = YES;
				CLANG_WARN_UNGUARDED_AVAILABILITY = YES_AGGRESSIVE;
				CLANG_WARN_UNREACHABLE_CODE = YES;
				CLANG_WARN__DUPLICATE_METHOD_MATCH = YES;
				COPY_PHASE_STRIP = NO;
				DEBUG_INFORMATION_FORMAT = dwarf;
				ENABLE_STRICT_OBJC_MSGSEND = YES;
				ENABLE_TESTABILITY = YES;
				GCC_C_LANGUAGE_STANDARD = gnu11;
				GCC_DYNAMIC_NO_PIC = NO;
				GCC_NO_COMMON_BLOCKS = YES;
				GCC_OPTIMIZATION_LEVEL = 0;
				GCC_PREPROCESSOR_DEFINITIONS = (
					"DEBUG=1",
					"$(inherited)",
				);
				GCC_WARN_64_TO_32_BIT_CONVERSION = YES;
				GCC_WARN_ABOUT_RETURN_TYPE = YES_ERROR;
				GCC_WARN_UNDECLARED_SELECTOR = YES;
				GCC_WARN_UNINITIALIZED_AUTOS = YES_AGGRESSIVE;
				GCC_WARN_UNUSED_FUNCTION = YES;
				GCC_WARN_UNUSED_VARIABLE = YES;
				IPHONEOS_DEPLOYMENT_TARGET = 16.4;
				MTL_ENABLE_DEBUG_INFO = INCLUDE_SOURCE;
				MTL_FAST_MATH = YES;
				ONLY_ACTIVE_ARCH = YES;
				SDKROOT = iphoneos;
				SWIFT_ACTIVE_COMPILATION_CONDITIONS = DEBUG;
				SWIFT_OPTIMIZATION_LEVEL = "-Onone";
			};
			name = Debug;
		};
		12C79A852AB86CFD006CB965 /* Release */ = {
			isa = XCBuildConfiguration;
			buildSettings = {
				ALWAYS_SEARCH_USER_PATHS = NO;
				CLANG_ANALYZER_NONNULL = YES;
				CLANG_ANALYZER_NUMBER_OBJECT_CONVERSION = YES_AGGRESSIVE;
				CLANG_CXX_LANGUAGE_STANDARD = "gnu++20";
				CLANG_ENABLE_MODULES = YES;
				CLANG_ENABLE_OBJC_ARC = YES;
				CLANG_ENABLE_OBJC_WEAK = YES;
				CLANG_WARN_BLOCK_CAPTURE_AUTORELEASING = YES;
				CLANG_WARN_BOOL_CONVERSION = YES;
				CLANG_WARN_COMMA = YES;
				CLANG_WARN_CONSTANT_CONVERSION = YES;
				CLANG_WARN_DEPRECATED_OBJC_IMPLEMENTATIONS = YES;
				CLANG_WARN_DIRECT_OBJC_ISA_USAGE = YES_ERROR;
				CLANG_WARN_DOCUMENTATION_COMMENTS = YES;
				CLANG_WARN_EMPTY_BODY = YES;
				CLANG_WARN_ENUM_CONVERSION = YES;
				CLANG_WARN_INFINITE_RECURSION = YES;
				CLANG_WARN_INT_CONVERSION = YES;
				CLANG_WARN_NON_LITERAL_NULL_CONVERSION = YES;
				CLANG_WARN_OBJC_IMPLICIT_RETAIN_SELF = YES;
				CLANG_WARN_OBJC_LITERAL_CONVERSION = YES;
				CLANG_WARN_OBJC_ROOT_CLASS = YES_ERROR;
				CLANG_WARN_QUOTED_INCLUDE_IN_FRAMEWORK_HEADER = YES;
				CLANG_WARN_RANGE_LOOP_ANALYSIS = YES;
				CLANG_WARN_STRICT_PROTOTYPES = YES;
				CLANG_WARN_SUSPICIOUS_MOVE = YES;
				CLANG_WARN_UNGUARDED_AVAILABILITY = YES_AGGRESSIVE;
				CLANG_WARN_UNREACHABLE_CODE = YES;
				CLANG_WARN__DUPLICATE_METHOD_MATCH = YES;
				COPY_PHASE_STRIP = NO;
				DEBUG_INFORMATION_FORMAT = "dwarf-with-dsym";
				ENABLE_NS_ASSERTIONS = NO;
				ENABLE_STRICT_OBJC_MSGSEND = YES;
				GCC_C_LANGUAGE_STANDARD = gnu11;
				GCC_NO_COMMON_BLOCKS = YES;
				GCC_WARN_64_TO_32_BIT_CONVERSION = YES;
				GCC_WARN_ABOUT_RETURN_TYPE = YES_ERROR;
				GCC_WARN_UNDECLARED_SELECTOR = YES;
				GCC_WARN_UNINITIALIZED_AUTOS = YES_AGGRESSIVE;
				GCC_WARN_UNUSED_FUNCTION = YES;
				GCC_WARN_UNUSED_VARIABLE = YES;
				IPHONEOS_DEPLOYMENT_TARGET = 16.4;
				MTL_ENABLE_DEBUG_INFO = NO;
				MTL_FAST_MATH = YES;
				SDKROOT = iphoneos;
				SWIFT_COMPILATION_MODE = wholemodule;
				SWIFT_OPTIMIZATION_LEVEL = "-O";
				VALIDATE_PRODUCT = YES;
			};
			name = Release;
		};
		12C79A872AB86CFD006CB965 /* Debug */ = {
			isa = XCBuildConfiguration;
			buildSettings = {
				ASSETCATALOG_COMPILER_APPICON_NAME = AppIcon;
				ASSETCATALOG_COMPILER_GLOBAL_ACCENT_COLOR_NAME = AccentColor;
				CODE_SIGN_STYLE = Automatic;
				CURRENT_PROJECT_VERSION = 1;
				DEVELOPMENT_TEAM = 6SA5C8J3AR;
				GENERATE_INFOPLIST_FILE = YES;
				INFOPLIST_FILE = RandomColors/Info.plist;
				INFOPLIST_KEY_UIApplicationSupportsIndirectInputEvents = YES;
				INFOPLIST_KEY_UILaunchStoryboardName = LaunchScreen;
				INFOPLIST_KEY_UIMainStoryboardFile = Main;
				INFOPLIST_KEY_UISupportedInterfaceOrientations_iPad = "UIInterfaceOrientationPortrait UIInterfaceOrientationPortraitUpsideDown UIInterfaceOrientationLandscapeLeft UIInterfaceOrientationLandscapeRight";
				INFOPLIST_KEY_UISupportedInterfaceOrientations_iPhone = "UIInterfaceOrientationPortrait UIInterfaceOrientationLandscapeLeft UIInterfaceOrientationLandscapeRight";
				LD_RUNPATH_SEARCH_PATHS = (
					"$(inherited)",
					"@executable_path/Frameworks",
				);
				MARKETING_VERSION = 1.0;
				PRODUCT_BUNDLE_IDENTIFIER = com.bandit.RandomColors;
				PRODUCT_NAME = "$(TARGET_NAME)";
				SWIFT_EMIT_LOC_STRINGS = YES;
				SWIFT_VERSION = 5.0;
				TARGETED_DEVICE_FAMILY = "1,2";
			};
			name = Debug;
		};
		12C79A882AB86CFD006CB965 /* Release */ = {
			isa = XCBuildConfiguration;
			buildSettings = {
				ASSETCATALOG_COMPILER_APPICON_NAME = AppIcon;
				ASSETCATALOG_COMPILER_GLOBAL_ACCENT_COLOR_NAME = AccentColor;
				CODE_SIGN_STYLE = Automatic;
				CURRENT_PROJECT_VERSION = 1;
				DEVELOPMENT_TEAM = 6SA5C8J3AR;
				GENERATE_INFOPLIST_FILE = YES;
				INFOPLIST_FILE = RandomColors/Info.plist;
				INFOPLIST_KEY_UIApplicationSupportsIndirectInputEvents = YES;
				INFOPLIST_KEY_UILaunchStoryboardName = LaunchScreen;
				INFOPLIST_KEY_UIMainStoryboardFile = Main;
				INFOPLIST_KEY_UISupportedInterfaceOrientations_iPad = "UIInterfaceOrientationPortrait UIInterfaceOrientationPortraitUpsideDown UIInterfaceOrientationLandscapeLeft UIInterfaceOrientationLandscapeRight";
				INFOPLIST_KEY_UISupportedInterfaceOrientations_iPhone = "UIInterfaceOrientationPortrait UIInterfaceOrientationLandscapeLeft UIInterfaceOrientationLandscapeRight";
				LD_RUNPATH_SEARCH_PATHS = (
					"$(inherited)",
					"@executable_path/Frameworks",
				);
				MARKETING_VERSION = 1.0;
				PRODUCT_BUNDLE_IDENTIFIER = com.bandit.RandomColors;
				PRODUCT_NAME = "$(TARGET_NAME)";
				SWIFT_EMIT_LOC_STRINGS = YES;
				SWIFT_VERSION = 5.0;
				TARGETED_DEVICE_FAMILY = "1,2";
			};
			name = Release;
		};
		12C79A8A2AB86CFD006CB965 /* Debug */ = {
			isa = XCBuildConfiguration;
			buildSettings = {
				ALWAYS_EMBED_SWIFT_STANDARD_LIBRARIES = YES;
				BUNDLE_LOADER = "$(TEST_HOST)";
				CODE_SIGN_STYLE = Automatic;
				CURRENT_PROJECT_VERSION = 1;
				DEVELOPMENT_TEAM = 6SA5C8J3AR;
				GENERATE_INFOPLIST_FILE = YES;
				IPHONEOS_DEPLOYMENT_TARGET = 16.4;
				MARKETING_VERSION = 1.0;
				PRODUCT_BUNDLE_IDENTIFIER = com.bandit.RandomColorsTests;
				PRODUCT_NAME = "$(TARGET_NAME)";
				SWIFT_EMIT_LOC_STRINGS = NO;
				SWIFT_VERSION = 5.0;
				TARGETED_DEVICE_FAMILY = "1,2";
				TEST_HOST = "$(BUILT_PRODUCTS_DIR)/RandomColors.app/$(BUNDLE_EXECUTABLE_FOLDER_PATH)/RandomColors";
			};
			name = Debug;
		};
		12C79A8B2AB86CFD006CB965 /* Release */ = {
			isa = XCBuildConfiguration;
			buildSettings = {
				ALWAYS_EMBED_SWIFT_STANDARD_LIBRARIES = YES;
				BUNDLE_LOADER = "$(TEST_HOST)";
				CODE_SIGN_STYLE = Automatic;
				CURRENT_PROJECT_VERSION = 1;
				DEVELOPMENT_TEAM = 6SA5C8J3AR;
				GENERATE_INFOPLIST_FILE = YES;
				IPHONEOS_DEPLOYMENT_TARGET = 16.4;
				MARKETING_VERSION = 1.0;
				PRODUCT_BUNDLE_IDENTIFIER = com.bandit.RandomColorsTests;
				PRODUCT_NAME = "$(TARGET_NAME)";
				SWIFT_EMIT_LOC_STRINGS = NO;
				SWIFT_VERSION = 5.0;
				TARGETED_DEVICE_FAMILY = "1,2";
				TEST_HOST = "$(BUILT_PRODUCTS_DIR)/RandomColors.app/$(BUNDLE_EXECUTABLE_FOLDER_PATH)/RandomColors";
			};
			name = Release;
		};
		12C79A8D2AB86CFD006CB965 /* Debug */ = {
			isa = XCBuildConfiguration;
			buildSettings = {
				ALWAYS_EMBED_SWIFT_STANDARD_LIBRARIES = YES;
				CODE_SIGN_STYLE = Automatic;
				CURRENT_PROJECT_VERSION = 1;
				DEVELOPMENT_TEAM = 6SA5C8J3AR;
				GENERATE_INFOPLIST_FILE = YES;
				MARKETING_VERSION = 1.0;
				PRODUCT_BUNDLE_IDENTIFIER = com.bandit.RandomColorsUITests;
				PRODUCT_NAME = "$(TARGET_NAME)";
				SWIFT_EMIT_LOC_STRINGS = NO;
				SWIFT_VERSION = 5.0;
				TARGETED_DEVICE_FAMILY = "1,2";
				TEST_TARGET_NAME = RandomColors;
			};
			name = Debug;
		};
		12C79A8E2AB86CFD006CB965 /* Release */ = {
			isa = XCBuildConfiguration;
			buildSettings = {
				ALWAYS_EMBED_SWIFT_STANDARD_LIBRARIES = YES;
				CODE_SIGN_STYLE = Automatic;
				CURRENT_PROJECT_VERSION = 1;
				DEVELOPMENT_TEAM = 6SA5C8J3AR;
				GENERATE_INFOPLIST_FILE = YES;
				MARKETING_VERSION = 1.0;
				PRODUCT_BUNDLE_IDENTIFIER = com.bandit.RandomColorsUITests;
				PRODUCT_NAME = "$(TARGET_NAME)";
				SWIFT_EMIT_LOC_STRINGS = NO;
				SWIFT_VERSION = 5.0;
				TARGETED_DEVICE_FAMILY = "1,2";
				TEST_TARGET_NAME = RandomColors;
			};
			name = Release;
		};
/* End XCBuildConfiguration section */

/* Begin XCConfigurationList section */
		12C79A572AB86CFC006CB965 /* Build configuration list for PBXProject "RandomColors" */ = {
			isa = XCConfigurationList;
			buildConfigurations = (
				12C79A842AB86CFD006CB965 /* Debug */,
				12C79A852AB86CFD006CB965 /* Release */,
			);
			defaultConfigurationIsVisible = 0;
			defaultConfigurationName = Release;
		};
		12C79A862AB86CFD006CB965 /* Build configuration list for PBXNativeTarget "RandomColors" */ = {
			isa = XCConfigurationList;
			buildConfigurations = (
				12C79A872AB86CFD006CB965 /* Debug */,
				12C79A882AB86CFD006CB965 /* Release */,
			);
			defaultConfigurationIsVisible = 0;
			defaultConfigurationName = Release;
		};
		12C79A892AB86CFD006CB965 /* Build configuration list for PBXNativeTarget "RandomColorsTests" */ = {
			isa = XCConfigurationList;
			buildConfigurations = (
				12C79A8A2AB86CFD006CB965 /* Debug */,
				12C79A8B2AB86CFD006CB965 /* Release */,
			);
			defaultConfigurationIsVisible = 0;
			defaultConfigurationName = Release;
		};
		12C79A8C2AB86CFD006CB965 /* Build configuration list for PBXNativeTarget "RandomColorsUITests" */ = {
			isa = XCConfigurationList;
			buildConfigurations = (
				12C79A8D2AB86CFD006CB965 /* Debug */,
				12C79A8E2AB86CFD006CB965 /* Release */,
			);
			defaultConfigurationIsVisible = 0;
			defaultConfigurationName = Release;
		};
/* End XCConfigurationList section */
	};
	rootObject = 12C79A542AB86CFC006CB965 /* Project object */;
}
